
Microsoft Visual Studio Solution File, Format Version 12.00
# Visual Studio 15
VisualStudioVersion = 15.0.27703.2018
MinimumVisualStudioVersion = 10.0.40219.1
Project("{FAE04EC0-301F-11D3-BF4B-00C04F79EFBC}") = "FPG Attachment Uploader", "FPG Attachment Uploader\FPG Attachment Uploader.csproj", "{1ACC6F65-B90F-4736-89F3-CB81749FF575}"
EndProject
Global
	GlobalSection(SolutionConfigurationPlatforms) = preSolution
		Debug|Any CPU = Debug|Any CPU
		Release|Any CPU = Release|Any CPU
	EndGlobalSection
	GlobalSection(ProjectConfigurationPlatforms) = postSolution
		{1ACC6F65-B90F-4736-89F3-CB81749FF575}.Debug|Any CPU.ActiveCfg = Debug|Any CPU
		{1ACC6F65-B90F-4736-89F3-CB81749FF575}.Debug|Any CPU.Build.0 = Debug|Any CPU
		{1ACC6F65-B90F-4736-89F3-CB81749FF575}.Release|Any CPU.ActiveCfg = Release|Any CPU
		{1ACC6F65-B90F-4736-89F3-CB81749FF575}.Release|Any CPU.Build.0 = Release|Any CPU
	EndGlobalSection
	GlobalSection(SolutionProperties) = preSolution
		HideSolutionNode = FALSE
	EndGlobalSection
	GlobalSection(ExtensibilityGlobals) = postSolution
		SolutionGuid = {A7A15C20-678C-4409-84D4-525A7CA36AD7}
	EndGlobalSection
EndGlobal
